PODS:
  - INSNibLoading (1.0.1)
  - Kingfisher (3.10.4)

DEPENDENCIES:
  - INSNibLoading
  - Kingfisher (from `https://github.com/onevcat/Kingfisher.git`, branch `swift4`)

EXTERNAL SOURCES:
  Kingfisher:
    :branch: swift4
    :git: https://github.com/onevcat/Kingfisher.git

CHECKOUT OPTIONS:
  Kingfisher:
    :commit: 8adf42e4ab95741238b6d42c1ce0b682555afab5
    :git: https://github.com/onevcat/Kingfisher.git

SPEC CHECKSUMS:
  INSNibLoading: 1b8d0ee31b94c124bffe2609e697e0a43117a78f
  Kingfisher: dbfac2b5dec4a531822e0ba8b571ce6010616075

PODFILE CHECKSUM: 54165e95a0609aca5ea2b0b3f2b993cdffe912e4

COCOAPODS: 1.3.1
