// !$*UTF8*$!
{
	archiveVersion = 1;
	classes = {
	};
	objectVersion = 46;
	objects = {

/* Begin PBXBuildFile section */
		D2EF35F51CB288F300033131 /* AppDelegate.swift in Sources */ = {isa = PBXBuildFile; fileRef = D2EF35F41CB288F300033131 /* AppDelegate.swift */; };
		D2EF35F71CB288F300033131 /* ViewController.swift in Sources */ = {isa = PBXBuildFile; fileRef = D2EF35F61CB288F300033131 /* ViewController.swift */; };
		D2EF35FA1CB288F300033131 /* Main.storyboard in Resources */ = {isa = PBXBuildFile; fileRef = D2EF35F81CB288F300033131 /* Main.storyboard */; };
		D2EF35FC1CB288F300033131 /* Assets.xcassets in Resources */ = {isa = PBXBuildFile; fileRef = D2EF35FB1CB288F300033131 /* Assets.xcassets */; };
		D2EF35FF1CB288F300033131 /* LaunchScreen.storyboard in Resources */ = {isa = PBXBuildFile; fileRef = D2EF35FD1CB288F300033131 /* LaunchScreen.storyboard */; };
/* End PBXBuildFile section */

/* Begin PBXFileReference section */
		D2EF35F11CB288F300033131 /* INSPhotoGallery.app */ = {isa = PBXFileReference; explicitFileType = wrapper.application; includeInIndex = 0; path = INSPhotoGallery.app; sourceTree = BUILT_PRODUCTS_DIR; };
		D2EF35F41CB288F300033131 /* AppDelegate.swift */ = {isa = PBXFileReference; lastKnownFileType = sourcecode.swift; path = AppDelegate.swift; sourceTree = "<group>"; };
		D2EF35F61CB288F300033131 /* ViewController.swift */ = {isa = PBXFileReference; lastKnownFileType = sourcecode.swift; path = ViewController.swift; sourceTree = "<group>"; };
		D2EF35F91CB288F300033131 /* Base */ = {isa = PBXFileReference; lastKnownFileType = file.storyboard; name = Base; path = Base.lproj/Main.storyboard; sourceTree = "<group>"; };
		D2EF35FB1CB288F300033131 /* Assets.xcassets */ = {isa = PBXFileReference; lastKnownFileType = folder.assetcatalog; path = Assets.xcassets; sourceTree = "<group>"; };
		D2EF35FE1CB288F300033131 /* Base */ = {isa = PBXFileReference; lastKnownFileType = file.storyboard; name = Base; path = Base.lproj/LaunchScreen.storyboard; sourceTree = "<group>"; };
		D2EF36001CB288F300033131 /* Info.plist */ = {isa = PBXFileReference; lastKnownFileType = text.plist.xml; path = Info.plist; sourceTree = "<group>"; };
/* End PBXFileReference section */

/* Begin PBXFrameworksBuildPhase section */
		D2EF35EE1CB288F300033131 /* Frameworks */ = {
			isa = PBXFrameworksBuildPhase;
			buildActionMask = 2147483647;
			files = (
			);
			runOnlyForDeploymentPostprocessing = 0;
		};
/* End PBXFrameworksBuildPhase section */

/* Begin PBXGroup section */
		D2EF35E81CB288F300033131 = {
			isa = PBXGroup;
			children = (
				D2EF35F31CB288F300033131 /* INSPhotoGallery */,
				D2EF35F21CB288F300033131 /* Products */,
			);
			sourceTree = "<group>";
		};
		D2EF35F21CB288F300033131 /* Products */ = {
			isa = PBXGroup;
			children = (
				D2EF35F11CB288F300033131 /* INSPhotoGallery.app */,
			);
			name = Products;
			sourceTree = "<group>";
		};
		D2EF35F31CB288F300033131 /* INSPhotoGallery */ = {
			isa = PBXGroup;
			children = (
				D2EF35F41CB288F300033131 /* AppDelegate.swift */,
				D2EF35F61CB288F300033131 /* ViewController.swift */,
				D2EF35F81CB288F300033131 /* Main.storyboard */,
				D2EF35FB1CB288F300033131 /* Assets.xcassets */,
				D2EF35FD1CB288F300033131 /* LaunchScreen.storyboard */,
				D2EF36001CB288F300033131 /* Info.plist */,
			);
			path = INSPhotoGallery;
			sourceTree = "<group>";
		};
/* End PBXGroup section */

/* Begin PBXNativeTarget section */
		D2EF35F01CB288F300033131 /* INSPhotoGallery */ = {
			isa = PBXNativeTarget;
			buildConfigurationList = D2EF36031CB288F300033131 /* Build configuration list for PBXNativeTarget "INSPhotoGallery" */;
			buildPhases = (
				D2EF35ED1CB288F300033131 /* Sources */,
				D2EF35EE1CB288F300033131 /* Frameworks */,
				D2EF35EF1CB288F300033131 /* Resources */,
			);
			buildRules = (
			);
			dependencies = (
			);
			name = INSPhotoGallery;
			productName = INSPhotoGallery;
			productReference = D2EF35F11CB288F300033131 /* INSPhotoGallery.app */;
			productType = "com.apple.product-type.application";
		};
/* End PBXNativeTarget section */

/* Begin PBXProject section */
		D2EF35E91CB288F300033131 /* Project object */ = {
			isa = PBXProject;
			attributes = {
				LastSwiftUpdateCheck = 0730;
				LastUpgradeCheck = 0730;
				ORGANIZATIONNAME = "Inspace Labs Sp z o. o. Spółka Komandytowa";
				TargetAttributes = {
					D2EF35F01CB288F300033131 = {
						CreatedOnToolsVersion = 7.3;
					};
				};
			};
			buildConfigurationList = D2EF35EC1CB288F300033131 /* Build configuration list for PBXProject "INSPhotoGallery" */;
			compatibilityVersion = "Xcode 3.2";
			developmentRegion = English;
			hasScannedForEncodings = 0;
			knownRegions = (
				en,
				Base,
			);
			mainGroup = D2EF35E81CB288F300033131;
			productRefGroup = D2EF35F21CB288F300033131 /* Products */;
			projectDirPath = "";
			projectRoot = "";
			targets = (
				D2EF35F01CB288F300033131 /* INSPhotoGallery */,
			);
		};
/* End PBXProject section */

/* Begin PBXResourcesBuildPhase section */
		D2EF35EF1CB288F300033131 /* Resources */ = {
			isa = PBXResourcesBuildPhase;
			buildActionMask = 2147483647;
			files = (
				D2EF35FF1CB288F300033131 /* LaunchScreen.storyboard in Resources */,
				D2EF35FC1CB288F300033131 /* Assets.xcassets in Resources */,
				D2EF35FA1CB288F300033131 /* Main.storyboard in Resources */,
			);
			runOnlyForDeploymentPostprocessing = 0;
		};
/* End PBXResourcesBuildPhase section */

/* Begin PBXSourcesBuildPhase section */
		D2EF35ED1CB288F300033131 /* Sources */ = {
			isa = PBXSourcesBuildPhase;
			buildActionMask = 2147483647;
			files = (
				D2EF35F71CB288F300033131 /* ViewController.swift in Sources */,
				D2EF35F51CB288F300033131 /* AppDelegate.swift in Sources */,
			);
			runOnlyForDeploymentPostprocessing = 0;
		};
/* End PBXSourcesBuildPhase section */

/* Begin PBXVariantGroup section */
		D2EF35F81CB288F300033131 /* Main.storyboard */ = {
			isa = PBXVariantGroup;
			children = (
				D2EF35F91CB288F300033131 /* Base */,
			);
			name = Main.storyboard;
			sourceTree = "<group>";
		};
		D2EF35FD1CB288F300033131 /* LaunchScreen.storyboard */ = {
			isa = PBXVariantGroup;
			children = (
				D2EF35FE1CB288F300033131 /* Base */,
			);
			name = LaunchScreen.storyboard;
			sourceTree = "<group>";
		};
/* End PBXVariantGroup section */

/* Begin XCBuildConfiguration section */
		D2EF36011CB288F300033131 /* Debug */ = {
			isa = XCBuildConfiguration;
			buildSettings = {
				ALWAYS_SEARCH_USER_PATHS = NO;
				CLANG_ANALYZER_NONNULL = YES;
				CLANG_CXX_LANGUAGE_STANDARD = "gnu++0x";
				CLANG_CXX_LIBRARY = "libc++";
				CLANG_ENABLE_MODULES = YES;
				CLANG_ENABLE_OBJC_ARC = YES;
				CLANG_WARN_BOOL_CONVERSION = YES;
				CLANG_WARN_CONSTANT_CONVERSION = YES;
				CLANG_WARN_DIRECT_OBJC_ISA_USAGE = YES_ERROR;
				CLANG_WARN_EMPTY_BODY = YES;
				CLANG_WARN_ENUM_CONVERSION = YES;
				CLANG_WARN_INT_CONVERSION = YES;
				CLANG_WARN_OBJC_ROOT_CLASS = YES_ERROR;
				CLANG_WARN_UNREACHABLE_CODE = YES;
				CLANG_WARN__DUPLICATE_METHOD_MATCH = YES;
				"CODE_SIGN_IDENTITY[sdk=iphoneos*]" = "iPhone Developer";
				COPY_PHASE_STRIP = NO;
				DEBUG_INFORMATION_FORMAT = dwarf;
				ENABLE_STRICT_OBJC_MSGSEND = YES;
				ENABLE_TESTABILITY = YES;
				GCC_C_LANGUAGE_STANDARD = gnu99;
				GCC_DYNAMIC_NO_PIC = NO;
				GCC_NO_COMMON_BLOCKS = YES;
				GCC_OPTIMIZATION_LEVEL = 0;
				GCC_PREPROCESSOR_DEFINITIONS = (
					"DEBUG=1",
					"$(inherited)",
				);
				GCC_WARN_64_TO_32_BIT_CONVERSION = YES;
				GCC_WARN_ABOUT_RETURN_TYPE = YES_ERROR;
				GCC_WARN_UNDECLARED_SELECTOR = YES;
				GCC_WARN_UNINITIALIZED_AUTOS = YES_AGGRESSIVE;
				GCC_WARN_UNUSED_FUNCTION = YES;
				GCC_WARN_UNUSED_VARIABLE = YES;
				IPHONEOS_DEPLOYMENT_TARGET = 9.3;
				MTL_ENABLE_DEBUG_INFO = YES;
				ONLY_ACTIVE_ARCH = YES;
				SDKROOT = iphoneos;
				SWIFT_OPTIMIZATION_LEVEL = "-Onone";
			};
			name = Debug;
		};
		D2EF36021CB288F300033131 /* Release */ = {
			isa = XCBuildConfiguration;
			buildSettings = {
				ALWAYS_SEARCH_USER_PATHS = NO;
				CLANG_ANALYZER_NONNULL = YES;
				CLANG_CXX_LANGUAGE_STANDARD = "gnu++0x";
				CLANG_CXX_LIBRARY = "libc++";
				CLANG_ENABLE_MODULES = YES;
				CLANG_ENABLE_OBJC_ARC = YES;
				CLANG_WARN_BOOL_CONVERSION = YES;
				CLANG_WARN_CONSTANT_CONVERSION = YES;
				CLANG_WARN_DIRECT_OBJC_ISA_USAGE = YES_ERROR;
				CLANG_WARN_EMPTY_BODY = YES;
				CLANG_WARN_ENUM_CONVERSION = YES;
				CLANG_WARN_INT_CONVERSION = YES;
				CLANG_WARN_OBJC_ROOT_CLASS = YES_ERROR;
				CLANG_WARN_UNREACHABLE_CODE = YES;
				CLANG_WARN__DUPLICATE_METHOD_MATCH = YES;
				"CODE_SIGN_IDENTITY[sdk=iphoneos*]" = "iPhone Developer";
				COPY_PHASE_STRIP = NO;
				DEBUG_INFORMATION_FORMAT = "dwarf-with-dsym";
				ENABLE_NS_ASSERTIONS = NO;
				ENABLE_STRICT_OBJC_MSGSEND = YES;
				GCC_C_LANGUAGE_STANDARD = gnu99;
				GCC_NO_COMMON_BLOCKS = YES;
				GCC_WARN_64_TO_32_BIT_CONVERSION = YES;
				GCC_WARN_ABOUT_RETURN_TYPE = YES_ERROR;
				GCC_WARN_UNDECLARED_SELECTOR = YES;
				GCC_WARN_UNINITIALIZED_AUTOS = YES_AGGRESSIVE;
				GCC_WARN_UNUSED_FUNCTION = YES;
				GCC_WARN_UNUSED_VARIABLE = YES;
				IPHONEOS_DEPLOYMENT_TARGET = 9.3;
				MTL_ENABLE_DEBUG_INFO = NO;
				SDKROOT = iphoneos;
				VALIDATE_PRODUCT = YES;
			};
			name = Release;
		};
		D2EF36041CB288F300033131 /* Debug */ = {
			isa = XCBuildConfiguration;
			buildSettings = {
				ASSETCATALOG_COMPILER_APPICON_NAME = AppIcon;
				INFOPLIST_FILE = INSPhotoGallery/Info.plist;
				LD_RUNPATH_SEARCH_PATHS = "$(inherited) @executable_path/Frameworks";
				PRODUCT_BUNDLE_IDENTIFIER = io.inspace.INSPhotoGallery;
				PRODUCT_NAME = "$(TARGET_NAME)";
			};
			name = Debug;
		};
		D2EF36051CB288F300033131 /* Release */ = {
			isa = XCBuildConfiguration;
			buildSettings = {
				ASSETCATALOG_COMPILER_APPICON_NAME = AppIcon;
				INFOPLIST_FILE = INSPhotoGallery/Info.plist;
				LD_RUNPATH_SEARCH_PATHS = "$(inherited) @executable_path/Frameworks";
				PRODUCT_BUNDLE_IDENTIFIER = io.inspace.INSPhotoGallery;
				PRODUCT_NAME = "$(TARGET_NAME)";
			};
			name = Release;
		};
/* End XCBuildConfiguration section */

/* Begin XCConfigurationList section */
		D2EF35EC1CB288F300033131 /* Build configuration list for PBXProject "INSPhotoGallery" */ = {
			isa = XCConfigurationList;
			buildConfigurations = (
				D2EF36011CB288F300033131 /* Debug */,
				D2EF36021CB288F300033131 /* Release */,
			);
			defaultConfigurationIsVisible = 0;
			defaultConfigurationName = Release;
		};
		D2EF36031CB288F300033131 /* Build configuration list for PBXNativeTarget "INSPhotoGallery" */ = {
			isa = XCConfigurationList;
			buildConfigurations = (
				D2EF36041CB288F300033131 /* Debug */,
				D2EF36051CB288F300033131 /* Release */,
			);
			defaultConfigurationIsVisible = 0;
		};
/* End XCConfigurationList section */
	};
	rootObject = D2EF35E91CB288F300033131 /* Project object */;
}
